
Microsoft Visual Studio Solution File, Format Version 12.00
# Visual Studio Version 17
VisualStudioVersion = 17.8.34330.188
MinimumVisualStudioVersion = 10.0.40219.1
Project("{FAE04EC0-301F-11D3-BF4B-00C04F79EFBC}") = "DoAn_LyThuyetDoThi", "DoAn_LyThuyetDoThi.csproj", "{C75E2026-DE4B-4649-BC03-22CDFFD50F86}"
EndProject
Global
	GlobalSection(SolutionConfigurationPlatforms) = preSolution
		Debug|Any CPU = Debug|Any CPU
		Release|Any CPU = Release|Any CPU
	EndGlobalSection
	GlobalSection(ProjectConfigurationPlatforms) = postSolution
		{C75E2026-DE4B-4649-BC03-22CDFFD50F86}.Debug|Any CPU.ActiveCfg = Debug|Any CPU
		{C75E2026-DE4B-4649-BC03-22CDFFD50F86}.Debug|Any CPU.Build.0 = Debug|Any CPU
		{C75E2026-DE4B-4649-BC03-22CDFFD50F86}.Release|Any CPU.ActiveCfg = Release|Any CPU
		{C75E2026-DE4B-4649-BC03-22CDFFD50F86}.Release|Any CPU.Build.0 = Release|Any CPU
	EndGlobalSection
	GlobalSection(SolutionProperties) = preSolution
		HideSolutionNode = FALSE
	EndGlobalSection
	GlobalSection(ExtensibilityGlobals) = postSolution
		SolutionGuid = {9051DB7E-FC87-4A11-9B2B-BAE078B7BF0D}
	EndGlobalSection
EndGlobal
